# THIS IS AN AUTOGENERATED FILE. DO NOT EDIT THIS FILE DIRECTLY.
# yarn lockfile v1


"@ibm-cloud/openapi-ruleset-utilities@^1.7.0":
  version "1.7.0"
  resolved "https://registry.yarnpkg.com/@ibm-cloud/openapi-ruleset-utilities/-/openapi-ruleset-utilities-1.7.0.tgz#92c06bdd71439e3531ef2c4a2bc735f9f2f146b9"
  integrity sha512-hwMfl2s638P4VNkgZWq0KesmLQr6VNlAL5yslncjEuXS5pzUG4/3UmyoN5127wzeAMpamDOItj8BB07rLBT2sQ==

emoji-picker-element@^1.26.1:
  version "1.26.1"
  resolved "https://registry.yarnpkg.com/emoji-picker-element/-/emoji-picker-element-1.26.1.tgz#c7a21165a188e542b4b22f8436139c2fb8420c1a"
  integrity sha512-XgQ9s2JdmworiqLfJC7eGbzQHGv8yb8U9XofjeRAnOMYaeLh0MfwVAz9oG1YE2U2WnzU0Pys1axMjYtPKJ7YSg==

lru-cache@^11.0.2:
  version "11.0.2"
  resolved "https://registry.yarnpkg.com/lru-cache/-/lru-cache-11.0.2.tgz#fbd8e7cf8211f5e7e5d91905c415a3f55755ca39"
  integrity sha512-123qHRfJBmo2jXDbo/a5YOQrJoHF/GNQTLzQ5+IdK5pWpceK17yRc6ozlWd25FxvGKQbIUs91fDFkXmDHTKcyA==
